
Microsoft Visual Studio Solution File, Format Version 12.00
# Visual Studio Version 17
VisualStudioVersion = 17.14.36811.4 d17.14
MinimumVisualStudioVersion = 10.0.40219.1
Project("{FAE04EC0-301F-11D3-BF4B-00C04F79EFBC}") = "Challenge", "Challenge\Challenge.csproj", "{35C19E4E-9782-4DCC-8FF4-A1CAC20D28E9}"
EndProject
Global
	GlobalSection(SolutionConfigurationPlatforms) = preSolution
		Debug|Any CPU = Debug|Any CPU
		Release|Any CPU = Release|Any CPU
	EndGlobalSection
	GlobalSection(ProjectConfigurationPlatforms) = postSolution
		{35C19E4E-9782-4DCC-8FF4-A1CAC20D28E9}.Debug|Any CPU.ActiveCfg = Debug|Any CPU
		{35C19E4E-9782-4DCC-8FF4-A1CAC20D28E9}.Debug|Any CPU.Build.0 = Debug|Any CPU
		{35C19E4E-9782-4DCC-8FF4-A1CAC20D28E9}.Release|Any CPU.ActiveCfg = Release|Any CPU
		{35C19E4E-9782-4DCC-8FF4-A1CAC20D28E9}.Release|Any CPU.Build.0 = Release|Any CPU
	EndGlobalSection
	GlobalSection(SolutionProperties) = preSolution
		HideSolutionNode = FALSE
	EndGlobalSection
	GlobalSection(ExtensibilityGlobals) = postSolution
		SolutionGuid = {1CEDD8B5-345F-44B2-A0DB-CF2D54E71766}
	EndGlobalSection
EndGlobal
